
Microsoft Visual Studio Solution File, Format Version 12.00
# Visual Studio Version 17
VisualStudioVersion = 17.8.34525.116
MinimumVisualStudioVersion = 10.0.40219.1
Project("{FAE04EC0-301F-11D3-BF4B-00C04F79EFBC}") = "Punto2", "Punto2.csproj", "{8C6F11F2-CF38-4711-8422-0ADD6FAC22C4}"
EndProject
Global
	GlobalSection(SolutionConfigurationPlatforms) = preSolution
		Debug|Any CPU = Debug|Any CPU
		Release|Any CPU = Release|Any CPU
	EndGlobalSection
	GlobalSection(ProjectConfigurationPlatforms) = postSolution
		{8C6F11F2-CF38-4711-8422-0ADD6FAC22C4}.Debug|Any CPU.ActiveCfg = Debug|Any CPU
		{8C6F11F2-CF38-4711-8422-0ADD6FAC22C4}.Debug|Any CPU.Build.0 = Debug|Any CPU
		{8C6F11F2-CF38-4711-8422-0ADD6FAC22C4}.Release|Any CPU.ActiveCfg = Release|Any CPU
		{8C6F11F2-CF38-4711-8422-0ADD6FAC22C4}.Release|Any CPU.Build.0 = Release|Any CPU
	EndGlobalSection
	GlobalSection(SolutionProperties) = preSolution
		HideSolutionNode = FALSE
	EndGlobalSection
	GlobalSection(ExtensibilityGlobals) = postSolution
		SolutionGuid = {7C493EAC-6D6E-41B6-A510-2EAE277E2C8D}
	EndGlobalSection
EndGlobal
